{
  "name": "my-awesome-package",
  "version": "1.0.0",
  "lockfileVersion": 2,
  "requires": true,
  "packages": {
    "": {
      "name": "my-awesome-package",
      "version": "1.0.0",
      "license": "MIT",
      "dependencies": {
        "html5shiv": "^3.7.3",
        "jquery": "^3.3.1",
        "jquery-validation": "^1.17.0",
        "normalize-css": "^2.3.1",
        "nouislider": "^11.1.0",
        "slick-carousel": "^1.8.1"
      },
      "devDependencies": {
        "@babel/polyfill": "^7.12.1"
      }
    },
    "node_modules/@babel/polyfill": {
      "version": "7.12.1",
      "resolved": "https://registry.npmjs.org/@babel/polyfill/-/polyfill-7.12.1.tgz",
      "integrity": "sha512-X0pi0V6gxLi6lFZpGmeNa4zxtwEmCs42isWLNjZZDE0Y8yVfgu0T2OAHlzBbdYlqbW/YXVvoBHpATEM+goCj8g==",
      "deprecated": "🚨 This package has been deprecated in favor of separate inclusion of a polyfill and regenerator-runtime (when needed). See the @babel/polyfill docs (https://babeljs.io/docs/en/babel-polyfill) for more information.",
      "dev": true,
      "dependencies": {
        "core-js": "^2.6.5",
        "regenerator-runtime": "^0.13.4"
      }
    },
    "node_modules/core-js": {
      "version": "2.6.12",
      "resolved": "https://registry.npmjs.org/core-js/-/core-js-2.6.12.tgz",
      "integrity": "sha512-Kb2wC0fvsWfQrgk8HU5lW6U/Lcs8+9aaYcy4ZFc6DDlo4nZ7n70dEgE5rtR0oG6ufKDUnrwfWL1mXR5ljDatrQ==",
      "deprecated": "core-js@<3.23.3 is no longer maintained and not recommended for usage due to the number of issues. Because of the V8 engine whims, feature detection in old core-js versions could cause a slowdown up to 100x even if nothing is polyfilled. Some versions have web compatibility issues. Please, upgrade your dependencies to the actual version of core-js.",
      "dev": true,
      "hasInstallScript": true
    },
    "node_modules/html5shiv": {
      "version": "3.7.3",
      "resolved": "https://registry.npmjs.org/html5shiv/-/html5shiv-3.7.3.tgz",
      "integrity": "sha1-14qEo2e8uacQEA1XgCw4ewhGMdI="
    },
    "node_modules/insert-css": {
      "version": "0.0.0",
      "resolved": "https://registry.npmjs.org/insert-css/-/insert-css-0.0.0.tgz",
      "integrity": "sha1-IwS/pviTq+y4/5yo2cdgXZTPKRE="
    },
    "node_modules/jquery": {
      "version": "3.5.1",
      "resolved": "https://registry.npmjs.org/jquery/-/jquery-3.5.1.tgz",
      "integrity": "sha512-XwIBPqcMn57FxfT+Go5pzySnm4KWkT1Tv7gjrpT1srtf8Weynl6R273VJ5GjkRb51IzMp5nbaPjJXMWeju2MKg=="
    },
    "node_modules/jquery-validation": {
      "version": "1.19.2",
      "resolved": "https://registry.npmjs.org/jquery-validation/-/jquery-validation-1.19.2.tgz",
      "integrity": "sha512-yHaAqOGaAB7+p2u5lpzhhQVt3CBMUw3fHcuCJ7nXmXz0LWLHPN7yOhwnocp5nrn2SmnXR1jpV+whx2j1kLz1tQ==",
      "peerDependencies": {
        "jquery": "^1.7 || ^2.0 || ^3.1"
      }
    },
    "node_modules/normalize-css": {
      "version": "2.3.1",
      "resolved": "https://registry.npmjs.org/normalize-css/-/normalize-css-2.3.1.tgz",
      "integrity": "sha1-/APjuR46Uap6GDa657K2rG1R4VY=",
      "dependencies": {
        "insert-css": "0.0.0"
      }
    },
    "node_modules/nouislider": {
      "version": "11.1.0",
      "resolved": "https://registry.npmjs.org/nouislider/-/nouislider-11.1.0.tgz",
      "integrity": "sha512-nD+Fgc8A8j6hnGvR5AaV+OBuLF446z4H2fmcEJ/6U6CJr6rAnFnionMXu7dmdghZ+bhgePvL3wrDRbu+0ux7Jg=="
    },
    "node_modules/regenerator-runtime": {
      "version": "0.13.11",
      "resolved": "https://registry.npmjs.org/regenerator-runtime/-/regenerator-runtime-0.13.11.tgz",
      "integrity": "sha512-kY1AZVr2Ra+t+piVaJ4gxaFaReZVH40AKNo7UCX6W+dEwBo/2oZJzqfuN1qLq1oL45o56cPaTXELwrTh8Fpggg==",
      "dev": true
    },
    "node_modules/slick-carousel": {
      "version": "1.8.1",
      "resolved": "https://registry.npmjs.org/slick-carousel/-/slick-carousel-1.8.1.tgz",
      "integrity": "sha512-XB9Ftrf2EEKfzoQXt3Nitrt/IPbT+f1fgqBdoxO3W/+JYvtEOW6EgxnWfr9GH6nmULv7Y2tPmEX3koxThVmebA==",
      "peerDependencies": {
        "jquery": ">=1.8.0"
      }
    }
  },
  "dependencies": {
    "@babel/polyfill": {
      "version": "7.12.1",
      "resolved": "https://registry.npmjs.org/@babel/polyfill/-/polyfill-7.12.1.tgz",
      "integrity": "sha512-X0pi0V6gxLi6lFZpGmeNa4zxtwEmCs42isWLNjZZDE0Y8yVfgu0T2OAHlzBbdYlqbW/YXVvoBHpATEM+goCj8g==",
      "dev": true,
      "requires": {
        "core-js": "^2.6.5",
        "regenerator-runtime": "^0.13.4"
      }
    },
    "core-js": {
      "version": "2.6.12",
      "resolved": "https://registry.npmjs.org/core-js/-/core-js-2.6.12.tgz",
      "integrity": "sha512-Kb2wC0fvsWfQrgk8HU5lW6U/Lcs8+9aaYcy4ZFc6DDlo4nZ7n70dEgE5rtR0oG6ufKDUnrwfWL1mXR5ljDatrQ==",
      "dev": true
    },
    "html5shiv": {
      "version": "3.7.3",
      "resolved": "https://registry.npmjs.org/html5shiv/-/html5shiv-3.7.3.tgz",
      "integrity": "sha1-14qEo2e8uacQEA1XgCw4ewhGMdI="
    },
    "insert-css": {
      "version": "0.0.0",
      "resolved": "https://registry.npmjs.org/insert-css/-/insert-css-0.0.0.tgz",
      "integrity": "sha1-IwS/pviTq+y4/5yo2cdgXZTPKRE="
    },
    "jquery": {
      "version": "3.5.1",
      "resolved": "https://registry.npmjs.org/jquery/-/jquery-3.5.1.tgz",
      "integrity": "sha512-XwIBPqcMn57FxfT+Go5pzySnm4KWkT1Tv7gjrpT1srtf8Weynl6R273VJ5GjkRb51IzMp5nbaPjJXMWeju2MKg=="
    },
    "jquery-validation": {
      "version": "1.19.2",
      "resolved": "https://registry.npmjs.org/jquery-validation/-/jquery-validation-1.19.2.tgz",
      "integrity": "sha512-yHaAqOGaAB7+p2u5lpzhhQVt3CBMUw3fHcuCJ7nXmXz0LWLHPN7yOhwnocp5nrn2SmnXR1jpV+whx2j1kLz1tQ==",
      "requires": {}
    },
    "normalize-css": {
      "version": "2.3.1",
      "resolved": "https://registry.npmjs.org/normalize-css/-/normalize-css-2.3.1.tgz",
      "integrity": "sha1-/APjuR46Uap6GDa657K2rG1R4VY=",
      "requires": {
        "insert-css": "0.0.0"
      }
    },
    "nouislider": {
      "version": "11.1.0",
      "resolved": "https://registry.npmjs.org/nouislider/-/nouislider-11.1.0.tgz",
      "integrity": "sha512-nD+Fgc8A8j6hnGvR5AaV+OBuLF446z4H2fmcEJ/6U6CJr6rAnFnionMXu7dmdghZ+bhgePvL3wrDRbu+0ux7Jg=="
    },
    "regenerator-runtime": {
      "version": "0.13.11",
      "resolved": "https://registry.npmjs.org/regenerator-runtime/-/regenerator-runtime-0.13.11.tgz",
      "integrity": "sha512-kY1AZVr2Ra+t+piVaJ4gxaFaReZVH40AKNo7UCX6W+dEwBo/2oZJzqfuN1qLq1oL45o56cPaTXELwrTh8Fpggg==",
      "dev": true
    },
    "slick-carousel": {
      "version": "1.8.1",
      "resolved": "https://registry.npmjs.org/slick-carousel/-/slick-carousel-1.8.1.tgz",
      "integrity": "sha512-XB9Ftrf2EEKfzoQXt3Nitrt/IPbT+f1fgqBdoxO3W/+JYvtEOW6EgxnWfr9GH6nmULv7Y2tPmEX3koxThVmebA==",
      "requires": {}
    }
  }
}
